
Microsoft Visual Studio Solution File, Format Version 12.00
# Visual Studio Version 16
VisualStudioVersion = 16.0.31205.134
MinimumVisualStudioVersion = 10.0.40219.1
Project("{FAE04EC0-301F-11D3-BF4B-00C04F79EFBC}") = "CategoryAPI", "CategoryAPI\CategoryAPI.csproj", "{FD9A7DB0-F8EE-4451-881B-2477FF039723}"
EndProject
Project("{FAE04EC0-301F-11D3-BF4B-00C04F79EFBC}") = "ProductAPI", "ProductAPI\ProductAPI.csproj", "{39F62F48-97B0-4AC8-810F-C9F08BC0E521}"
EndProject
Global
	GlobalSection(SolutionConfigurationPlatforms) = preSolution
		Debug|Any CPU = Debug|Any CPU
		Release|Any CPU = Release|Any CPU
	EndGlobalSection
	GlobalSection(ProjectConfigurationPlatforms) = postSolution
		{FD9A7DB0-F8EE-4451-881B-2477FF039723}.Debug|Any CPU.ActiveCfg = Debug|Any CPU
		{FD9A7DB0-F8EE-4451-881B-2477FF039723}.Debug|Any CPU.Build.0 = Debug|Any CPU
		{FD9A7DB0-F8EE-4451-881B-2477FF039723}.Release|Any CPU.ActiveCfg = Release|Any CPU
		{FD9A7DB0-F8EE-4451-881B-2477FF039723}.Release|Any CPU.Build.0 = Release|Any CPU
		{39F62F48-97B0-4AC8-810F-C9F08BC0E521}.Debug|Any CPU.ActiveCfg = Debug|Any CPU
		{39F62F48-97B0-4AC8-810F-C9F08BC0E521}.Debug|Any CPU.Build.0 = Debug|Any CPU
		{39F62F48-97B0-4AC8-810F-C9F08BC0E521}.Release|Any CPU.ActiveCfg = Release|Any CPU
		{39F62F48-97B0-4AC8-810F-C9F08BC0E521}.Release|Any CPU.Build.0 = Release|Any CPU
	EndGlobalSection
	GlobalSection(SolutionProperties) = preSolution
		HideSolutionNode = FALSE
	EndGlobalSection
	GlobalSection(ExtensibilityGlobals) = postSolution
		SolutionGuid = {534DFD58-C650-4B01-9D67-DBCF066F8828}
	EndGlobalSection
EndGlobal
